{
    "_meta": {
        "hash": {
            "sha256": "f32091441a2591448879b8729a33e0c4004a4e0cbc86cc6c491ae99b31b607c0"
        },
        "pipfile-spec": 6,
        "requires": {
            "python_version": "3.10"
        },
        "sources": [
            {
                "name": "pypi",
                "url": "https://pypi.org/simple",
                "verify_ssl": true
            }
        ]
    },
    "default": {
        "absl-py": {
            "hashes": [
                "sha256:0d3fe606adfa4f7db64792dd4c7aee4ee0c38ab75dfd353b7a83ed3e957fcb47",
                "sha256:d2c244d01048ba476e7c080bd2c6df5e141d211de80223460d5b3b8a2a58433d"
            ],
            "index": "pypi",
            "markers": "python_version >= '3.6'",
            "version": "==1.4.0"
        },
        "attrs": {
            "hashes": [
                "sha256:935dc3b529c262f6cf76e50877d35a4bd3c1de194fd41f47a2b7ae8f19971f30",
                "sha256:99b87a485a5820b23b879f04c2305b44b951b502fd64be915879d77a7e8fc6f1"
            ],
            "markers": "python_version >= '3.7'",
            "version": "==23.2.0"
        },
        "grpcio": {
            "hashes": [
                "sha256:058e313479aac21b20e0768aa4ecd782ae0b96b1eba7e4b615e0575a1c02d0e5",
                "sha256:06f8ebdcfebee56a816dba7903a7e6b656050e7b4a5c1c4d46ad88e2378bbc1e",
                "sha256:07d0ace63902e30fe6e77f684927130867a9ec43141e2f1447522631fa19ccf7",
                "sha256:0a1b85b1437b55f8eb803d5b43186f7c616f548061860fd7e4bce7f637323cbc",
                "sha256:0a63dd1fe726bf434652a5eaaf862b09e9b1112469c0e94183428f1bbaaf3100",
                "sha256:16426adfd566bd5369e79d8dd5f4edd2e5b13a8bd26df8de20f0c483786667bd",
                "sha256:1ea03bd3d244889c7fe793b5234965f31a34147008083a2ec2ffebc870c4643b",
                "sha256:20ece9dd71eba47b1a6dfa7a14c492e110d855367d8b64262c680ac6df972512",
                "sha256:274856d666401ef5690466467c8ef5c454e09f465d6e954386af56d184bedc78",
                "sha256:2944e345b9d1aee6cd6a4cd43a46ed95ef52f5a2dedb1755827e6c247f2579c1",
                "sha256:2dd2f0d5a5879cd85ec9ce1dc4899933e7a4e3f97781b6ab26703c1de21c794e",
                "sha256:336199b22797e3b754b8f1a2fa45c9a0a154d5ff331bce3f21f3f0693e7bdf21",
                "sha256:3c1227144ebb25afb39b421d073140396dc05483266f28fb575787e30f1f1182",
                "sha256:420ea3f5a0edab3facc4a779c941c87be4facafc60d57a8ef89be42b207f80de",
                "sha256:43a429e672a5951060e5b7516d733a46508a585d3f318ad25d10e74cec61848b",
                "sha256:54a22f420a171096f2d373e46518bac87ccbbcf346490acae8dd59eac20d39b6",
                "sha256:581ce6556f07d6c9dd4e550e60e1d386455bd32ea4f81b65ccd4062e200e56f6",
                "sha256:639a2968c8d98db0b1e742b00004e8f9ca84b297bccb374c4b202ea5d04db4f6",
                "sha256:675201b052349dc9315565e5f66951e707d207629f67928c9db598e61505c8c0",
                "sha256:6924c0ae2826e9fb31d9122ba8124e5dcfaf13c0cdc1d810f9283395c14fff29",
                "sha256:6977701b6528be82f0801c52dad7df7e912d61d6e3b25e22bbbbdc2c7bc912e5",
                "sha256:7268ad68dfad9d767ee17a69b4ae9e7223b04be16b94110564640828d302ed0c",
                "sha256:7c1d6afa156cba9a6d02656fe85c0e84e41b46d17a72ecdc0ed48b7482831fea",
                "sha256:7eca3321517465d381ebb0c1d483e4bfad4927decfc01cb33410be2da02a7c59",
                "sha256:7f88b8ac92f410d415d91dc58ee4d1bc430b1b29450641dd0b337b72c59b6a35",
                "sha256:81a99edb493925652128ce5a96d07ee09b3627a5673f73cd6476e1ebf1b31e42",
                "sha256:8a9b9cf01103795072f4874b4b064c5e3785871d62b774f1aa5f9bacabbcac20",
                "sha256:8cf5e51ff2c18941515b37bb1f959c19f6654e652b046069ebc6960642781a47",
                "sha256:8db545d257b74b90ed1fdd5b9505fe7f81243220156438a6b97b3dc3fd4bc963",
                "sha256:a238aa21b81d165657f2ab27b2e7b7713e4d01df842528e678b8d06fa08bc01b",
                "sha256:a672f46d9fa739044f2448e3237a5b03e4dd8fb3dec79349791ffb4db0541ec8",
                "sha256:ae7559a818d3a577ff3ae0c3db9b12ce749d66f72ad06c01775e3d66ee44370f",
                "sha256:b5602d602a6906799565fac048ecd9f70c6a829e076893d16f3b602e6f229a5d",
                "sha256:b8dcb9c0fec81ec2febe5232d7d92bc103532f635ed0d93a110576ab002ae4ca",
                "sha256:bc6a04ac876f0667c092301e468177c0d132a28a25070367eabf3fcc9e8ba1d0",
                "sha256:be42883b2a91003c09fbd81be92d964cd6b93fc16800901baa113486c4278caf",
                "sha256:c56341872d861c6e50444f22c2022e467d925c4fdefad5cc38d2a1974d5f87be",
                "sha256:c71e47b50a5a5b1c0ec2babde5f146cc94a26244d10afd08728fafb0533c39de",
                "sha256:c8b324e40c903c1d464650b14a91ef902e62c173f1aa6d8950e27d97fafafd8a",
                "sha256:d1b69374f6e3ec0e17a2b5fa914fd5c1d0ab6f2475dcda2f79d0dd7240b0ed13",
                "sha256:d7191a9d6fe800d421794abe26b1d360faa4a512c1227961f0cab1d57fb357be",
                "sha256:dbec67817f933acf43b06644a0106c5c68e34509b248a09135848a8947f48cd6",
                "sha256:e42e5e7b85dabd575f64ec6d9a618b03d072c4b3b62bcc73f0f6dab33687a338",
                "sha256:f78fb0d5e3b1f22060aa32872eab185f214b22a278d1763a2ffd7ca04cc16366",
                "sha256:fd5779aab42c92fc0d31ac4f240c99f02007f0310704eb761abd7ad955edf411"
            ],
            "index": "pypi",
            "markers": "python_version >= '3.7'",
            "version": "==1.54.3"
        },
        "grpcio-tools": {
            "hashes": [
                "sha256:0239b929eb8b3b30b2397eef3b9abb245087754d77c3721e3be43c44796de87d",
                "sha256:0ab1b323905d449298523db5d34fa5bf5fffd645bd872b25598e2f8a01f0ea39",
                "sha256:0de05c7698c655e9a240dc34ae91d6017b93143ac89e5b20046d7ca3bd09c27c",
                "sha256:0f952c8a5c47e9204fe8959f7e9add149e660f6579d67cf65024c32736d34caf",
                "sha256:10dd41862f579d185c60f629b5ee89103e216f63b576079d258d974d980bad87",
                "sha256:11939c9a8a39bd4815c7e88cb2fee48e1948775b59dbb06de8fcae5991e84f9e",
                "sha256:129de5579f95d6a55dde185f188b4cbe19d1e2f1471425431d9930c31d300d70",
                "sha256:1b8ee3099c51ce987fa8a08e6b93fc342b10228415dd96b5c0caa0387f636a6f",
                "sha256:21b1467e31e44429d2a78b50135c9cdbd4b8f6d3b5cd548bc98985d3bdc352d0",
                "sha256:21b9d2dee80f3f77e4097252e7f0db89772335a7300b72ab3d2e5c280872b1db",
                "sha256:27671c68c7e0e3c5ff9967f5500799f65a04e7b153b8ce10243c87c43199039d",
                "sha256:2b96f5f17d3156058be247fd25b062b4768138665694c00b056659618b8fb418",
                "sha256:30a49b8b168aced2a4ff40959e6c4383ad6cfd7a20839a47a215e9837eb722dc",
                "sha256:3237149beec39e897fd62cef4aa1e1cd9422d7a95661d24bd0a79200b167e730",
                "sha256:37393ef90674964175923afe3859fc5a208e1ece565f642b4f76a8c0224a0993",
                "sha256:39fd530cfdf58dc05125775cc233b05554d553d27478f14ae5fd8a6306f0cb28",
                "sha256:3bb9ec4aea0f2b3006fb002fa59e5c10f92b48fc374619fbffd14d2b0e388c3e",
                "sha256:49c2846dcc4803476e839d8bd4db8845e928f19130e0ea86121f2d1f43d2b452",
                "sha256:4abfc1892380abe6cef381eab86f9350cbd703bfe5d834095aa66fd91c886b6d",
                "sha256:4f285f8ef3de422717a36bd372239ae778b8cc112ce780ca3c7fe266dadc49fb",
                "sha256:503ef1351c62fb1d6747eaf74932b609d8fdd4345b3591ef910adef8fa9969d0",
                "sha256:5ef30c2dbc63c1e0a462423ca4f95001814d26ef4fe66208e53fcf220ea3b717",
                "sha256:6037f123905dc0141f7c8383ca616ef0195e79cd3b4d82faaee789d4045e891b",
                "sha256:72d15de4c4b6a764a76c4ae69d99c35f7a0751223688c3f7e62dfa95eb4f61be",
                "sha256:7b24fbab9e7598518ce4549e066df00aab79c2bf9bedcdde23fb5ef6a3cf532f",
                "sha256:7baa210c20f71a242d9ae0e02734628f6948e8bee3bf538647894af427d28800",
                "sha256:7d7e6e8d62967b3f037f952620cb7381cc39a4bd31790c75fcfba56cc975d70b",
                "sha256:7f4624ef2e76a3a5313c4e61a81be38bcc16b59a68a85d30758b84cd2102b161",
                "sha256:8742122782953d2fd038f0a199f047a24e941cc9718b1aac90876dbdb7167739",
                "sha256:8e4531267736d88fde1022b36dd42ed8163e3575bcbd12bfed96662872aa93fe",
                "sha256:8e4c5a48f7b2e8798ce381498ee7b9a83c65b87ae66ee5022387394e5eb51771",
                "sha256:9acf443dcf6f68fbea3b7fb519e1716e014db1a561939f5aecc4abda74e4015d",
                "sha256:a0b7049814442f918b522d66b1d015286afbeb9e6d141af54bbfafe31710a3c8",
                "sha256:a3ce0b98fb581c471424d2cda45120f57658ed97677c6fec4d6decf5d7c1b976",
                "sha256:b80585e06c4f0082327eb5c9ad96fbdb2b0e7c14971ea5099fe78c22f4608451",
                "sha256:b82ca472db9c914c44e39a41e9e8bd3ed724523dd7aff5ce37592b8d16920ed9",
                "sha256:c4128c01cd6f5ea8f7c2db405dbfd8582cd967d36e6fa0952565436633b0e591",
                "sha256:d512de051342a576bb89777476d13c5266d9334cf4badb6468aed9dc8f5bdec1",
                "sha256:df079479fb1b9e488334312e35ebbf30cbf5ecad6c56599f1a961800b33ab7c1",
                "sha256:e11c2c2aee53f340992e8e4d6a59172cbbbd0193f1351de98c4f810a5041d5ca",
                "sha256:e3d0e5188ff8dbaddac2ee44731d36f09c4eccd3eac7328e547862c44f75cacd",
                "sha256:e543f457935ba7b763b121f1bf893974393b4d30065042f947f85a8d81081b80",
                "sha256:e5c7292dd899ad8fa09a2be96719648cee37b17909fe8c12007e3bff58ebee61",
                "sha256:f39d8e8806b8857fb473ca6a9c7bd800b0673dfdb7283ff569af0345a222f32c",
                "sha256:f6787d07fdab31a32c433c1ba34883dea6559d8a3fbe08fb93d834ca34136b71"
            ],
            "index": "pypi",
            "markers": "python_version >= '3.7'",
            "version": "==1.54.2"
        },
        "importlab": {
            "hashes": [
                "sha256:124cfa00e8a34fefe8aac1a5e94f56c781b178c9eb61a1d3f60f7e03b77338d3",
                "sha256:b3893853b1f6eb027da509c3b40e6787e95dd66b4b66f1b3613aad77556e1465"
            ],
            "markers": "python_full_version >= '3.6.0'",
            "version": "==0.8.1"
        },
        "jinja2": {
            "hashes": [
                "sha256:4a3aee7acbbe7303aede8e9648d13b8bf88a429282aa6122a993f0ac800cb369",
                "sha256:bc5dd2abb727a5319567b7a813e6a2e7318c39f4f487cfe6c89c6f9c7d25197d"
            ],
            "index": "pypi",
            "markers": "python_version >= '3.7'",
            "version": "==3.1.4"
        },
        "libcst": {
            "hashes": [
                "sha256:01786c403348f76f274dbaf3888ae237ffb73e6ed6973e65eba5c1fc389861dd",
                "sha256:045b3b0b06413cdae6e9751b5f417f789ffa410f2cb2815e3e0e0ea6bef10ec0",
                "sha256:10479371d04ee8dc978c889c1774bbf6a83df88fa055fcb0159a606f6679c565",
                "sha256:1266530bf840cc40633a04feb578bb4cac1aa3aea058cc3729e24eab09a8e996",
                "sha256:132bec627b064bd567e7e4cd6c89524d02842151eb0d8f5f3f7ffd2579ec1b09",
                "sha256:1350d375d3fb9b20a6cf10c09b2964baca9be753a033dde7c1aced49d8e58387",
                "sha256:15ded11ff7f4572f91635e02b519ae959f782689fdb4445bbebb7a3cc5c71d75",
                "sha256:183636141b839aa35b639e100883813744523bc7c12528906621121731b28443",
                "sha256:27be8db54c0e5fe440021a771a38b81a7dbc23cd630eb8b0e9828b7717f9b702",
                "sha256:3822056dc13326082362db35b3f649e0f4a97e36ddb4e487441da8e0fb9db7b3",
                "sha256:3cf48d7aec6dc54b02aec0b1bb413c5bb3b02d852fd6facf1f05c7213e61a176",
                "sha256:400166fc4efb9aa06ce44498d443aa78519082695b1894202dd73cd507d2d712",
                "sha256:46123863fba35cc84f7b54dd68826419cabfd9504d8a101c7fe3313ea03776f9",
                "sha256:4f9e42085c403e22201e5c41e707ef73e4ea910ad9fc67983ceee2368097f54e",
                "sha256:596860090aeed3ee6ad1e59c35c6c4110a57e4e896abf51b91cae003ec720a11",
                "sha256:5b266867b712a120fad93983de432ddb2ccb062eb5fd2bea748c9a94cb200c36",
                "sha256:7415569ab998a85b0fc9af3a204611ea7fadb2d719a12532c448f8fc98f5aca4",
                "sha256:76491f67431318c3145442e97dddcead7075b074c59eac51be7cc9e3fffec6ee",
                "sha256:786e562b54bbcd17a060d1244deeef466b7ee07fe544074c252c4a169e38f1ee",
                "sha256:794250d2359edd518fb698e5d21c38a5bdfc5e4a75d0407b4c19818271ce6742",
                "sha256:7a98286cbbfa90a42d376900c875161ad02a5a2a6b7c94c0f7afd9075e329ce4",
                "sha256:7e33b66762efaa014c38819efae5d8f726dd823e32d5d691035484411d2a2a69",
                "sha256:9b3348c6b7711a5235b133bd8e11d22e903c388db42485b8ceb5f2aa0fae9b9f",
                "sha256:aa53993e9a2853efb3ed3605da39f2e7125df6430f613eb67ef886c1ce4f94b5",
                "sha256:d67bc87e0d8db9434f2ea063734938a320f541f4c6da1074001e372f840f385d",
                "sha256:e316da5a126f2a9e1d7680f95f907b575f082a35e2f8bd5620c59b2aaaebfe0a",
                "sha256:e799add8fba4976628b9c1a6768d73178bf898f0ed1bd1322930c2d3db9063ba",
                "sha256:f4487608258109f774300466d4ca97353df29ae6ac23d1502e13e5509423c9d5",
                "sha256:f6ce794483d4c605ef0f5b199a49fb6996f9586ca938b7bfef213bd13858d7ab",
                "sha256:f9679177391ccb9b0cdde3185c22bf366cb672457c4b7f4031fcb3b5e739fbd6"
            ],
            "markers": "python_version >= '3.7'",
            "version": "==0.4.9"
        },
        "markupsafe": {
            "hashes": [
                "sha256:00e046b6dd71aa03a41079792f8473dc494d564611a8f89bbbd7cb93295ebdcf",
                "sha256:075202fa5b72c86ad32dc7d0b56024ebdbcf2048c0ba09f1cde31bfdd57bcfff",
                "sha256:0e397ac966fdf721b2c528cf028494e86172b4feba51d65f81ffd65c63798f3f",
                "sha256:17b950fccb810b3293638215058e432159d2b71005c74371d784862b7e4683f3",
                "sha256:1f3fbcb7ef1f16e48246f704ab79d79da8a46891e2da03f8783a5b6fa41a9532",
                "sha256:2174c595a0d73a3080ca3257b40096db99799265e1c27cc5a610743acd86d62f",
                "sha256:2b7c57a4dfc4f16f7142221afe5ba4e093e09e728ca65c51f5620c9aaeb9a617",
                "sha256:2d2d793e36e230fd32babe143b04cec8a8b3eb8a3122d2aceb4a371e6b09b8df",
                "sha256:30b600cf0a7ac9234b2638fbc0fb6158ba5bdcdf46aeb631ead21248b9affbc4",
                "sha256:397081c1a0bfb5124355710fe79478cdbeb39626492b15d399526ae53422b906",
                "sha256:3a57fdd7ce31c7ff06cdfbf31dafa96cc533c21e443d57f5b1ecc6cdc668ec7f",
                "sha256:3c6b973f22eb18a789b1460b4b91bf04ae3f0c4234a0a6aa6b0a92f6f7b951d4",
                "sha256:3e53af139f8579a6d5f7b76549125f0d94d7e630761a2111bc431fd820e163b8",
                "sha256:4096e9de5c6fdf43fb4f04c26fb114f61ef0bf2e5604b6ee3019d51b69e8c371",
                "sha256:4275d846e41ecefa46e2015117a9f491e57a71ddd59bbead77e904dc02b1bed2",
                "sha256:4c31f53cdae6ecfa91a77820e8b151dba54ab528ba65dfd235c80b086d68a465",
                "sha256:4f11aa001c540f62c6166c7726f71f7573b52c68c31f014c25cc7901deea0b52",
                "sha256:5049256f536511ee3f7e1b3f87d1d1209d327e818e6ae1365e8653d7e3abb6a6",
                "sha256:58c98fee265677f63a4385256a6d7683ab1832f3ddd1e66fe948d5880c21a169",
                "sha256:598e3276b64aff0e7b3451b72e94fa3c238d452e7ddcd893c3ab324717456bad",
                "sha256:5b7b716f97b52c5a14bffdf688f971b2d5ef4029127f1ad7a513973cfd818df2",
                "sha256:5dedb4db619ba5a2787a94d877bc8ffc0566f92a01c0ef214865e54ecc9ee5e0",
                "sha256:619bc166c4f2de5caa5a633b8b7326fbe98e0ccbfacabd87268a2b15ff73a029",
                "sha256:629ddd2ca402ae6dbedfceeba9c46d5f7b2a61d9749597d4307f943ef198fc1f",
                "sha256:656f7526c69fac7f600bd1f400991cc282b417d17539a1b228617081106feb4a",
                "sha256:6ec585f69cec0aa07d945b20805be741395e28ac1627333b1c5b0105962ffced",
                "sha256:72b6be590cc35924b02c78ef34b467da4ba07e4e0f0454a2c5907f473fc50ce5",
                "sha256:7502934a33b54030eaf1194c21c692a534196063db72176b0c4028e140f8f32c",
                "sha256:7a68b554d356a91cce1236aa7682dc01df0edba8d043fd1ce607c49dd3c1edcf",
                "sha256:7b2e5a267c855eea6b4283940daa6e88a285f5f2a67f2220203786dfa59b37e9",
                "sha256:823b65d8706e32ad2df51ed89496147a42a2a6e01c13cfb6ffb8b1e92bc910bb",
                "sha256:8590b4ae07a35970728874632fed7bd57b26b0102df2d2b233b6d9d82f6c62ad",
                "sha256:8dd717634f5a044f860435c1d8c16a270ddf0ef8588d4887037c5028b859b0c3",
                "sha256:8dec4936e9c3100156f8a2dc89c4b88d5c435175ff03413b443469c7c8c5f4d1",
                "sha256:97cafb1f3cbcd3fd2b6fbfb99ae11cdb14deea0736fc2b0952ee177f2b813a46",
                "sha256:a17a92de5231666cfbe003f0e4b9b3a7ae3afb1ec2845aadc2bacc93ff85febc",
                "sha256:a549b9c31bec33820e885335b451286e2969a2d9e24879f83fe904a5ce59d70a",
                "sha256:ac07bad82163452a6884fe8fa0963fb98c2346ba78d779ec06bd7a6262132aee",
                "sha256:ae2ad8ae6ebee9d2d94b17fb62763125f3f374c25618198f40cbb8b525411900",
                "sha256:b91c037585eba9095565a3556f611e3cbfaa42ca1e865f7b8015fe5c7336d5a5",
                "sha256:bc1667f8b83f48511b94671e0e441401371dfd0f0a795c7daa4a3cd1dde55bea",
                "sha256:bec0a414d016ac1a18862a519e54b2fd0fc8bbfd6890376898a6c0891dd82e9f",
                "sha256:bf50cd79a75d181c9181df03572cdce0fbb75cc353bc350712073108cba98de5",
                "sha256:bff1b4290a66b490a2f4719358c0cdcd9bafb6b8f061e45c7a2460866bf50c2e",
                "sha256:c061bb86a71b42465156a3ee7bd58c8c2ceacdbeb95d05a99893e08b8467359a",
                "sha256:c8b29db45f8fe46ad280a7294f5c3ec36dbac9491f2d1c17345be8e69cc5928f",
                "sha256:ce409136744f6521e39fd8e2a24c53fa18ad67aa5bc7c2cf83645cce5b5c4e50",
                "sha256:d050b3361367a06d752db6ead6e7edeb0009be66bc3bae0ee9d97fb326badc2a",
                "sha256:d283d37a890ba4c1ae73ffadf8046435c76e7bc2247bbb63c00bd1a709c6544b",
                "sha256:d9fad5155d72433c921b782e58892377c44bd6252b5af2f67f16b194987338a4",
                "sha256:daa4ee5a243f0f20d528d939d06670a298dd39b1ad5f8a72a4275124a7819eff",
                "sha256:db0b55e0f3cc0be60c1f19efdde9a637c32740486004f20d1cff53c3c0ece4d2",
                "sha256:e61659ba32cf2cf1481e575d0462554625196a1f2fc06a1c777d3f48e8865d46",
                "sha256:ea3d8a3d18833cf4304cd2fc9cbb1efe188ca9b5efef2bdac7adc20594a0e46b",
                "sha256:ec6a563cff360b50eed26f13adc43e61bc0c04d94b8be985e6fb24b81f6dcfdf",
                "sha256:f5dfb42c4604dddc8e4305050aa6deb084540643ed5804d7455b5df8fe16f5e5",
                "sha256:fa173ec60341d6bb97a89f5ea19c85c5643c1e7dedebc22f5181eb73573142c5",
                "sha256:fa9db3f79de01457b03d4f01b34cf91bc0048eb2c3846ff26f66687c2f6d16ab",
                "sha256:fce659a462a1be54d2ffcacea5e3ba2d74daa74f30f5f143fe0c58636e355fdd",
                "sha256:ffee1f21e5ef0d712f9033568f8344d5da8cc2869dbd08d87c84656e6a2d2f68"
            ],
            "markers": "python_version >= '3.7'",
            "version": "==2.1.5"
        },
        "multiscope-client": {
            "editable": true,
            "path": "."
        },
        "mypy-extensions": {
            "hashes": [
                "sha256:4392f6c0eb8a5668a69e23d168ffa70f0be9ccfd32b5cc2d26a34ae5b844552d",
                "sha256:75dbf8955dc00442a438fc4d0666508a9a97b6bd41aa2f0ffe9d2f2725af0782"
            ],
            "markers": "python_version >= '3.5'",
            "version": "==1.0.0"
        },
        "networkx": {
            "hashes": [
                "sha256:4f33f68cb2afcf86f28a45f43efc27a9386b535d567d2127f8f61d51dec58d36",
                "sha256:de346335408f84de0eada6ff9fafafff9bcda11f0a0dfaa931133debb146ab61"
            ],
            "markers": "python_version >= '3.8'",
            "version": "==3.1"
        },
        "ninja": {
            "hashes": [
                "sha256:18302d96a5467ea98b68e1cae1ae4b4fb2b2a56a82b955193c637557c7273dbd",
                "sha256:185e0641bde601e53841525c4196278e9aaf4463758da6dd1e752c0a0f54136a",
                "sha256:376889c76d87b95b5719fdd61dd7db193aa7fd4432e5d52d2e44e4c497bdbbee",
                "sha256:3e0f9be5bb20d74d58c66cc1c414c3e6aeb45c35b0d0e41e8d739c2c0d57784f",
                "sha256:73b93c14046447c7c5cc892433d4fae65d6364bec6685411cb97a8bcf815f93a",
                "sha256:7563ce1d9fe6ed5af0b8dd9ab4a214bf4ff1f2f6fd6dc29f480981f0f8b8b249",
                "sha256:76482ba746a2618eecf89d5253c0d1e4f1da1270d41e9f54dfbd91831b0f6885",
                "sha256:84502ec98f02a037a169c4b0d5d86075eaf6afc55e1879003d6cab51ced2ea4b",
                "sha256:95da904130bfa02ea74ff9c0116b4ad266174fafb1c707aa50212bc7859aebf1",
                "sha256:9d793b08dd857e38d0b6ffe9e6b7145d7c485a42dcfea04905ca0cdb6017cc3c",
                "sha256:9df724344202b83018abb45cb1efc22efd337a1496514e7e6b3b59655be85205",
                "sha256:aad34a70ef15b12519946c5633344bc775a7656d789d9ed5fdb0d456383716ef",
                "sha256:d491fc8d89cdcb416107c349ad1e3a735d4c4af5e1cb8f5f727baca6350fdaea",
                "sha256:ecf80cf5afd09f14dcceff28cb3f11dc90fb97c999c89307aea435889cb66877",
                "sha256:fa2ba9d74acfdfbfbcf06fad1b8282de8a7a8c481d9dee45c859a8c93fcc1082"
            ],
            "version": "==1.11.1.1"
        },
        "numpy": {
            "hashes": [
                "sha256:0ec87a7084caa559c36e0a2309e4ecb1baa03b687201d0a847c8b0ed476a7187",
                "sha256:1a7d6acc2e7524c9955e5c903160aa4ea083736fde7e91276b0e5d98e6332812",
                "sha256:202de8f38fc4a45a3eea4b63e2f376e5f2dc64ef0fa692838e31a808520efaf7",
                "sha256:210461d87fb02a84ef243cac5e814aad2b7f4be953b32cb53327bb49fd77fbb4",
                "sha256:2d926b52ba1367f9acb76b0df6ed21f0b16a1ad87c6720a1121674e5cf63e2b6",
                "sha256:352ee00c7f8387b44d19f4cada524586f07379c0d49270f87233983bc5087ca0",
                "sha256:35400e6a8d102fd07c71ed7dcadd9eb62ee9a6e84ec159bd48c28235bbb0f8e4",
                "sha256:3c1104d3c036fb81ab923f507536daedc718d0ad5a8707c6061cdfd6d184e570",
                "sha256:4719d5aefb5189f50887773699eaf94e7d1e02bf36c1a9d353d9f46703758ca4",
                "sha256:4749e053a29364d3452c034827102ee100986903263e89884922ef01a0a6fd2f",
                "sha256:5342cf6aad47943286afa6f1609cad9b4266a05e7f2ec408e2cf7aea7ff69d80",
                "sha256:56e48aec79ae238f6e4395886b5eaed058abb7231fb3361ddd7bfdf4eed54289",
                "sha256:76e3f4e85fc5d4fd311f6e9b794d0c00e7002ec122be271f2019d63376f1d385",
                "sha256:7776ea65423ca6a15255ba1872d82d207bd1e09f6d0894ee4a64678dd2204078",
                "sha256:784c6da1a07818491b0ffd63c6bbe5a33deaa0e25a20e1b3ea20cf0e43f8046c",
                "sha256:8535303847b89aa6b0f00aa1dc62867b5a32923e4d1681a35b5eef2d9591a463",
                "sha256:9a7721ec204d3a237225db3e194c25268faf92e19338a35f3a224469cb6039a3",
                "sha256:a1d3c026f57ceaad42f8231305d4653d5f05dc6332a730ae5c0bea3513de0950",
                "sha256:ab344f1bf21f140adab8e47fdbc7c35a477dc01408791f8ba00d018dd0bc5155",
                "sha256:ab5f23af8c16022663a652d3b25dcdc272ac3f83c3af4c02eb8b824e6b3ab9d7",
                "sha256:ae8d0be48d1b6ed82588934aaaa179875e7dc4f3d84da18d7eae6eb3f06c242c",
                "sha256:c91c4afd8abc3908e00a44b2672718905b8611503f7ff87390cc0ac3423fb096",
                "sha256:d5036197ecae68d7f491fcdb4df90082b0d4960ca6599ba2659957aafced7c17",
                "sha256:d6cc757de514c00b24ae8cf5c876af2a7c3df189028d68c0cb4eaa9cd5afc2bf",
                "sha256:d933fabd8f6a319e8530d0de4fcc2e6a61917e0b0c271fded460032db42a0fe4",
                "sha256:ea8282b9bcfe2b5e7d491d0bf7f3e2da29700cec05b49e64d6246923329f2b02",
                "sha256:ecde0f8adef7dfdec993fd54b0f78183051b6580f606111a6d789cd14c61ea0c",
                "sha256:f21c442fdd2805e91799fbe044a7b999b8571bb0ab0f7850d0cb9641a687092b"
            ],
            "index": "pypi",
            "markers": "python_version >= '3.8'",
            "version": "==1.24.3"
        },
        "pillow": {
            "hashes": [
                "sha256:048ad577748b9fa4a99a0548c64f2cb8d672d5bf2e643a739ac8faff1164238c",
                "sha256:048eeade4c33fdf7e08da40ef402e748df113fd0b4584e32c4af74fe78baaeb2",
                "sha256:0ba26351b137ca4e0db0342d5d00d2e355eb29372c05afd544ebf47c0956ffeb",
                "sha256:0ea2a783a2bdf2a561808fe4a7a12e9aa3799b701ba305de596bc48b8bdfce9d",
                "sha256:1530e8f3a4b965eb6a7785cf17a426c779333eb62c9a7d1bbcf3ffd5bf77a4aa",
                "sha256:16563993329b79513f59142a6b02055e10514c1a8e86dca8b48a893e33cf91e3",
                "sha256:19aeb96d43902f0a783946a0a87dbdad5c84c936025b8419da0a0cd7724356b1",
                "sha256:1a1d1915db1a4fdb2754b9de292642a39a7fb28f1736699527bb649484fb966a",
                "sha256:1b87bd9d81d179bd8ab871603bd80d8645729939f90b71e62914e816a76fc6bd",
                "sha256:1dfc94946bc60ea375cc39cff0b8da6c7e5f8fcdc1d946beb8da5c216156ddd8",
                "sha256:2034f6759a722da3a3dbd91a81148cf884e91d1b747992ca288ab88c1de15999",
                "sha256:261ddb7ca91fcf71757979534fb4c128448b5b4c55cb6152d280312062f69599",
                "sha256:2ed854e716a89b1afcedea551cd85f2eb2a807613752ab997b9974aaa0d56936",
                "sha256:3102045a10945173d38336f6e71a8dc71bcaeed55c3123ad4af82c52807b9375",
                "sha256:339894035d0ede518b16073bdc2feef4c991ee991a29774b33e515f1d308e08d",
                "sha256:412444afb8c4c7a6cc11a47dade32982439925537e483be7c0ae0cf96c4f6a0b",
                "sha256:4203efca580f0dd6f882ca211f923168548f7ba334c189e9eab1178ab840bf60",
                "sha256:45ebc7b45406febf07fef35d856f0293a92e7417ae7933207e90bf9090b70572",
                "sha256:4b5ec25d8b17217d635f8935dbc1b9aa5907962fae29dff220f2659487891cd3",
                "sha256:4c8e73e99da7db1b4cad7f8d682cf6abad7844da39834c288fbfa394a47bbced",
                "sha256:4e6f7d1c414191c1199f8996d3f2282b9ebea0945693fb67392c75a3a320941f",
                "sha256:4eaa22f0d22b1a7e93ff0a596d57fdede2e550aecffb5a1ef1106aaece48e96b",
                "sha256:50b8eae8f7334ec826d6eeffaeeb00e36b5e24aa0b9df322c247539714c6df19",
                "sha256:50fd3f6b26e3441ae07b7c979309638b72abc1a25da31a81a7fbd9495713ef4f",
                "sha256:51243f1ed5161b9945011a7360e997729776f6e5d7005ba0c6879267d4c5139d",
                "sha256:5d512aafa1d32efa014fa041d38868fda85028e3f930a96f85d49c7d8ddc0383",
                "sha256:5f77cf66e96ae734717d341c145c5949c63180842a545c47a0ce7ae52ca83795",
                "sha256:6b02471b72526ab8a18c39cb7967b72d194ec53c1fd0a70b050565a0f366d355",
                "sha256:6fb1b30043271ec92dc65f6d9f0b7a830c210b8a96423074b15c7bc999975f57",
                "sha256:7161ec49ef0800947dc5570f86568a7bb36fa97dd09e9827dc02b718c5643f09",
                "sha256:72d622d262e463dfb7595202d229f5f3ab4b852289a1cd09650362db23b9eb0b",
                "sha256:74d28c17412d9caa1066f7a31df8403ec23d5268ba46cd0ad2c50fb82ae40462",
                "sha256:78618cdbccaa74d3f88d0ad6cb8ac3007f1a6fa5c6f19af64b55ca170bfa1edf",
                "sha256:793b4e24db2e8742ca6423d3fde8396db336698c55cd34b660663ee9e45ed37f",
                "sha256:798232c92e7665fe82ac085f9d8e8ca98826f8e27859d9a96b41d519ecd2e49a",
                "sha256:81d09caa7b27ef4e61cb7d8fbf1714f5aec1c6b6c5270ee53504981e6e9121ad",
                "sha256:8ab74c06ffdab957d7670c2a5a6e1a70181cd10b727cd788c4dd9005b6a8acd9",
                "sha256:8eb0908e954d093b02a543dc963984d6e99ad2b5e36503d8a0aaf040505f747d",
                "sha256:90b9e29824800e90c84e4022dd5cc16eb2d9605ee13f05d47641eb183cd73d45",
                "sha256:9797a6c8fe16f25749b371c02e2ade0efb51155e767a971c61734b1bf6293994",
                "sha256:9d2455fbf44c914840c793e89aa82d0e1763a14253a000743719ae5946814b2d",
                "sha256:9d3bea1c75f8c53ee4d505c3e67d8c158ad4df0d83170605b50b64025917f338",
                "sha256:9e2ec1e921fd07c7cda7962bad283acc2f2a9ccc1b971ee4b216b75fad6f0463",
                "sha256:9e91179a242bbc99be65e139e30690e081fe6cb91a8e77faf4c409653de39451",
                "sha256:a0eaa93d054751ee9964afa21c06247779b90440ca41d184aeb5d410f20ff591",
                "sha256:a2c405445c79c3f5a124573a051062300936b0281fee57637e706453e452746c",
                "sha256:aa7e402ce11f0885305bfb6afb3434b3cd8f53b563ac065452d9d5654c7b86fd",
                "sha256:aff76a55a8aa8364d25400a210a65ff59d0168e0b4285ba6bf2bd83cf675ba32",
                "sha256:b09b86b27a064c9624d0a6c54da01c1beaf5b6cadfa609cf63789b1d08a797b9",
                "sha256:b14f16f94cbc61215115b9b1236f9c18403c15dd3c52cf629072afa9d54c1cbf",
                "sha256:b50811d664d392f02f7761621303eba9d1b056fb1868c8cdf4231279645c25f5",
                "sha256:b7bc2176354defba3edc2b9a777744462da2f8e921fbaf61e52acb95bafa9828",
                "sha256:c78e1b00a87ce43bb37642c0812315b411e856a905d58d597750eb79802aaaa3",
                "sha256:c83341b89884e2b2e55886e8fbbf37c3fa5efd6c8907124aeb72f285ae5696e5",
                "sha256:ca2870d5d10d8726a27396d3ca4cf7976cec0f3cb706debe88e3a5bd4610f7d2",
                "sha256:ccce24b7ad89adb5a1e34a6ba96ac2530046763912806ad4c247356a8f33a67b",
                "sha256:cd5e14fbf22a87321b24c88669aad3a51ec052eb145315b3da3b7e3cc105b9a2",
                "sha256:ce49c67f4ea0609933d01c0731b34b8695a7a748d6c8d186f95e7d085d2fe475",
                "sha256:d33891be6df59d93df4d846640f0e46f1a807339f09e79a8040bc887bdcd7ed3",
                "sha256:d3b2348a78bc939b4fed6552abfd2e7988e0f81443ef3911a4b8498ca084f6eb",
                "sha256:d886f5d353333b4771d21267c7ecc75b710f1a73d72d03ca06df49b09015a9ef",
                "sha256:d93480005693d247f8346bc8ee28c72a2191bdf1f6b5db469c096c0c867ac015",
                "sha256:dc1a390a82755a8c26c9964d457d4c9cbec5405896cba94cf51f36ea0d855002",
                "sha256:dd78700f5788ae180b5ee8902c6aea5a5726bac7c364b202b4b3e3ba2d293170",
                "sha256:e46f38133e5a060d46bd630faa4d9fa0202377495df1f068a8299fd78c84de84",
                "sha256:e4b878386c4bf293578b48fc570b84ecfe477d3b77ba39a6e87150af77f40c57",
                "sha256:f0d0591a0aeaefdaf9a5e545e7485f89910c977087e7de2b6c388aec32011e9f",
                "sha256:fdcbb4068117dfd9ce0138d068ac512843c52295ed996ae6dd1faf537b6dbc27",
                "sha256:ff61bfd9253c3915e6d41c651d5f962da23eda633cf02262990094a18a55371a"
            ],
            "index": "pypi",
            "markers": "python_version >= '3.8'",
            "version": "==10.3.0"
        },
        "portpicker": {
            "hashes": [
                "sha256:01113f51c3cc63290a44dd7ae6e3eb9f8fe1b8a1f9d7988a897944230c39cd52",
                "sha256:c55683ad725f5c00a41bc7db0225223e8be024b1fa564d039ed3390e4fd48fb3"
            ],
            "index": "pypi",
            "markers": "python_version >= '3.6'",
            "version": "==1.5.2"
        },
        "protobuf": {
            "hashes": [
                "sha256:09310bce43353b46d73ba7e3bca78273b9bc50349509b9698e64d288c6372c2a",
                "sha256:20874e7ca4436f683b64ebdbee2129a5a2c301579a67d1a7dda2cdf62fb7f5f7",
                "sha256:25e3370eda26469b58b602e29dff069cfaae8eaa0ef4550039cc5ef8dc004511",
                "sha256:281342ea5eb631c86697e1e048cb7e73b8a4e85f3299a128c116f05f5c668f8f",
                "sha256:384dd44cb4c43f2ccddd3645389a23ae61aeb8cfa15ca3a0f60e7c3ea09b28b3",
                "sha256:54a533b971288af3b9926e53850c7eb186886c0c84e61daa8444385a4720297f",
                "sha256:6c081863c379bb1741be8f8193e893511312b1d7329b4a75445d1ea9955be69e",
                "sha256:86df87016d290143c7ce3be3ad52d055714ebaebb57cc659c387e76cfacd81aa",
                "sha256:8da6070310d634c99c0db7df48f10da495cc283fd9e9234877f0cd182d43ab7f",
                "sha256:b2cfab63a230b39ae603834718db74ac11e52bccaaf19bf20f5cce1a84cf76df",
                "sha256:c52cfcbfba8eb791255edd675c1fe6056f723bf832fa67f0442218f8817c076e",
                "sha256:ce744938406de1e64b91410f473736e815f28c3b71201302612a68bf01517fea",
                "sha256:efabbbbac1ab519a514579ba9ec52f006c28ae19d97915951f69fa70da2c9e91"
            ],
            "index": "pypi",
            "markers": "python_version >= '3.7'",
            "version": "==4.23.2"
        },
        "psutil": {
            "hashes": [
                "sha256:02615ed8c5ea222323408ceba16c60e99c3f91639b07da6373fb7e6539abc56d",
                "sha256:05806de88103b25903dff19bb6692bd2e714ccf9e668d050d144012055cbca73",
                "sha256:26bd09967ae00920df88e0352a91cff1a78f8d69b3ecabbfe733610c0af486c8",
                "sha256:27cc40c3493bb10de1be4b3f07cae4c010ce715290a5be22b98493509c6299e2",
                "sha256:36f435891adb138ed3c9e58c6af3e2e6ca9ac2f365efe1f9cfef2794e6c93b4e",
                "sha256:50187900d73c1381ba1454cf40308c2bf6f34268518b3f36a9b663ca87e65e36",
                "sha256:611052c4bc70432ec770d5d54f64206aa7203a101ec273a0cd82418c86503bb7",
                "sha256:6be126e3225486dff286a8fb9a06246a5253f4c7c53b475ea5f5ac934e64194c",
                "sha256:7d79560ad97af658a0f6adfef8b834b53f64746d45b403f225b85c5c2c140eee",
                "sha256:8cb6403ce6d8e047495a701dc7c5bd788add903f8986d523e3e20b98b733e421",
                "sha256:8db4c1b57507eef143a15a6884ca10f7c73876cdf5d51e713151c1236a0e68cf",
                "sha256:aee678c8720623dc456fa20659af736241f575d79429a0e5e9cf88ae0605cc81",
                "sha256:bc56c2a1b0d15aa3eaa5a60c9f3f8e3e565303b465dbf57a1b730e7a2b9844e0",
                "sha256:bd1184ceb3f87651a67b2708d4c3338e9b10c5df903f2e3776b62303b26cb631",
                "sha256:d06016f7f8625a1825ba3732081d77c94589dca78b7a3fc072194851e88461a4",
                "sha256:d16bbddf0693323b8c6123dd804100241da461e41d6e332fb0ba6058f630f8c8"
            ],
            "markers": "python_version >= '2.7' and python_version not in '3.0, 3.1, 3.2, 3.3, 3.4, 3.5'",
            "version": "==5.9.8"
        },
        "pydot": {
            "hashes": [
                "sha256:408a47913ea7bd5d2d34b274144880c1310c4aee901f353cf21fe2e526a4ea28",
                "sha256:60246af215123fa062f21cd791be67dda23a6f280df09f68919e637a1e4f3235"
            ],
            "markers": "python_version >= '3.7'",
            "version": "==2.0.0"
        },
        "pyparsing": {
            "hashes": [
                "sha256:a1bac0ce561155ecc3ed78ca94d3c9378656ad4c94c1270de543f621420f94ad",
                "sha256:f9db75911801ed778fe61bb643079ff86601aca99fcae6345aa67292038fb742"
            ],
            "markers": "python_full_version >= '3.6.8'",
            "version": "==3.1.2"
        },
        "pytype": {
            "hashes": [
                "sha256:26377c09a954b0ae043da237e9b80e3d75f51752f88187c736cfcaecee11e84a",
                "sha256:2f677745e9086af17714b1eec34478482789a2bec5384b0729fdda8e1bc04b26",
                "sha256:3511bcc33d5693c35a3f4ec86bd565c0f822a223015f8f6597b8ad83bb3448ca",
                "sha256:367781475d05efc1fa09b832c40879e14d2bf573d418e7ff4b7fadde07824f0b",
                "sha256:64d3c7c7333b3e9c1b5fd172e7ca40472e72eeafed110615ad6f6fbddbc6ae8b",
                "sha256:7a1c7de8c045c44b31864aaf68f404a12aec6dd11ddd35a92082db7efdde84a7",
                "sha256:8422100380ede481b0f2b7ca961a40d15edcdd55821501b3d968f5a8a5120a84",
                "sha256:9066e0fc41096921b8d2fa227b4359f3ff7f072dcf7e62c51a0a180701b39691",
                "sha256:920e3ae3dd61afcf80c3e68c1d65f4db23dac2fe1083e396b37906b152ca0cd2",
                "sha256:d424b5e24183b483d6dc3bea509259f08caa818b715db594361e0b257b462a06",
                "sha256:f661c61cae3ac00bca4861e4345bbd051dd5f34bb5bc85fd13d5a0290298da04",
                "sha256:f92178f4c8a7f8c6d479f323061daee5fad385e668626e7a7d7d70f7f878f1fd",
                "sha256:fcf31cfe61ff54703177cad944d86265482690fc48c18f6683adf38bc9c0b392"
            ],
            "index": "pypi",
            "markers": "python_version < '3.11' and python_version >= '3.7'",
            "version": "==2023.6.2"
        },
        "pyyaml": {
            "hashes": [
                "sha256:04ac92ad1925b2cff1db0cfebffb6ffc43457495c9b3c39d3fcae417d7125dc5",
                "sha256:062582fca9fabdd2c8b54a3ef1c978d786e0f6b3a1510e0ac93ef59e0ddae2bc",
                "sha256:0d3304d8c0adc42be59c5f8a4d9e3d7379e6955ad754aa9d6ab7a398b59dd1df",
                "sha256:1635fd110e8d85d55237ab316b5b011de701ea0f29d07611174a1b42f1444741",
                "sha256:184c5108a2aca3c5b3d3bf9395d50893a7ab82a38004c8f61c258d4428e80206",
                "sha256:18aeb1bf9a78867dc38b259769503436b7c72f7a1f1f4c93ff9a17de54319b27",
                "sha256:1d4c7e777c441b20e32f52bd377e0c409713e8bb1386e1099c2415f26e479595",
                "sha256:1e2722cc9fbb45d9b87631ac70924c11d3a401b2d7f410cc0e3bbf249f2dca62",
                "sha256:1fe35611261b29bd1de0070f0b2f47cb6ff71fa6595c077e42bd0c419fa27b98",
                "sha256:28c119d996beec18c05208a8bd78cbe4007878c6dd15091efb73a30e90539696",
                "sha256:326c013efe8048858a6d312ddd31d56e468118ad4cdeda36c719bf5bb6192290",
                "sha256:40df9b996c2b73138957fe23a16a4f0ba614f4c0efce1e9406a184b6d07fa3a9",
                "sha256:42f8152b8dbc4fe7d96729ec2b99c7097d656dc1213a3229ca5383f973a5ed6d",
                "sha256:49a183be227561de579b4a36efbb21b3eab9651dd81b1858589f796549873dd6",
                "sha256:4fb147e7a67ef577a588a0e2c17b6db51dda102c71de36f8549b6816a96e1867",
                "sha256:50550eb667afee136e9a77d6dc71ae76a44df8b3e51e41b77f6de2932bfe0f47",
                "sha256:510c9deebc5c0225e8c96813043e62b680ba2f9c50a08d3724c7f28a747d1486",
                "sha256:5773183b6446b2c99bb77e77595dd486303b4faab2b086e7b17bc6bef28865f6",
                "sha256:596106435fa6ad000c2991a98fa58eeb8656ef2325d7e158344fb33864ed87e3",
                "sha256:6965a7bc3cf88e5a1c3bd2e0b5c22f8d677dc88a455344035f03399034eb3007",
                "sha256:69b023b2b4daa7548bcfbd4aa3da05b3a74b772db9e23b982788168117739938",
                "sha256:6c22bec3fbe2524cde73d7ada88f6566758a8f7227bfbf93a408a9d86bcc12a0",
                "sha256:704219a11b772aea0d8ecd7058d0082713c3562b4e271b849ad7dc4a5c90c13c",
                "sha256:7e07cbde391ba96ab58e532ff4803f79c4129397514e1413a7dc761ccd755735",
                "sha256:81e0b275a9ecc9c0c0c07b4b90ba548307583c125f54d5b6946cfee6360c733d",
                "sha256:855fb52b0dc35af121542a76b9a84f8d1cd886ea97c84703eaa6d88e37a2ad28",
                "sha256:8d4e9c88387b0f5c7d5f281e55304de64cf7f9c0021a3525bd3b1c542da3b0e4",
                "sha256:9046c58c4395dff28dd494285c82ba00b546adfc7ef001486fbf0324bc174fba",
                "sha256:9eb6caa9a297fc2c2fb8862bc5370d0303ddba53ba97e71f08023b6cd73d16a8",
                "sha256:a08c6f0fe150303c1c6b71ebcd7213c2858041a7e01975da3a99aed1e7a378ef",
                "sha256:a0cd17c15d3bb3fa06978b4e8958dcdc6e0174ccea823003a106c7d4d7899ac5",
                "sha256:afd7e57eddb1a54f0f1a974bc4391af8bcce0b444685d936840f125cf046d5bd",
                "sha256:b1275ad35a5d18c62a7220633c913e1b42d44b46ee12554e5fd39c70a243d6a3",
                "sha256:b786eecbdf8499b9ca1d697215862083bd6d2a99965554781d0d8d1ad31e13a0",
                "sha256:ba336e390cd8e4d1739f42dfe9bb83a3cc2e80f567d8805e11b46f4a943f5515",
                "sha256:baa90d3f661d43131ca170712d903e6295d1f7a0f595074f151c0aed377c9b9c",
                "sha256:bc1bf2925a1ecd43da378f4db9e4f799775d6367bdb94671027b73b393a7c42c",
                "sha256:bd4af7373a854424dabd882decdc5579653d7868b8fb26dc7d0e99f823aa5924",
                "sha256:bf07ee2fef7014951eeb99f56f39c9bb4af143d8aa3c21b1677805985307da34",
                "sha256:bfdf460b1736c775f2ba9f6a92bca30bc2095067b8a9d77876d1fad6cc3b4a43",
                "sha256:c8098ddcc2a85b61647b2590f825f3db38891662cfc2fc776415143f599bb859",
                "sha256:d2b04aac4d386b172d5b9692e2d2da8de7bfb6c387fa4f801fbf6fb2e6ba4673",
                "sha256:d483d2cdf104e7c9fa60c544d92981f12ad66a457afae824d146093b8c294c54",
                "sha256:d858aa552c999bc8a8d57426ed01e40bef403cd8ccdd0fc5f6f04a00414cac2a",
                "sha256:e7d73685e87afe9f3b36c799222440d6cf362062f78be1013661b00c5c6f678b",
                "sha256:f003ed9ad21d6a4713f0a9b5a7a0a79e08dd0f221aff4525a2be4c346ee60aab",
                "sha256:f22ac1c3cac4dbc50079e965eba2c1058622631e526bd9afd45fedd49ba781fa",
                "sha256:faca3bdcf85b2fc05d06ff3fbc1f83e1391b3e724afa3feba7d13eeab355484c",
                "sha256:fca0e3a251908a499833aa292323f32437106001d436eca0e6e7833256674585",
                "sha256:fd1592b3fdf65fff2ad0004b5e363300ef59ced41c2e6b3a99d4089fa8c5435d",
                "sha256:fd66fc5d0da6d9815ba2cebeb4205f95818ff4b79c3ebe268e75d961704af52f"
            ],
            "markers": "python_version >= '3.6'",
            "version": "==6.0.1"
        },
        "setuptools": {
            "hashes": [
                "sha256:c3a9c4211ff4c309edb8b8c4f1cbfa7ae324c4ba9f91ff254e3d305b9fd54561",
                "sha256:fcc17fd9cd898242f6b4adfaca46137a9edef687f43e6f78469692a5e70d851d"
            ],
            "index": "pypi",
            "markers": "python_version >= '3.9'",
            "version": "==78.1.1"
        },
        "six": {
            "hashes": [
                "sha256:1e61c37477a1626458e36f7b1d82aa5c9b094fa4802892072e49de9c60c4c926",
                "sha256:8abb2f1d86890a2dfb989f9a77cfcfd3e47c2a354b01111771326f8aa26e0254"
            ],
            "index": "pypi",
            "markers": "python_version >= '2.7' and python_version not in '3.0, 3.1, 3.2, 3.3'",
            "version": "==1.16.0"
        },
        "tabulate": {
            "hashes": [
                "sha256:0095b12bf5966de529c0feb1fa08671671b3368eec77d7ef7ab114be2c068b3c",
                "sha256:024ca478df22e9340661486f85298cff5f6dcdba14f3813e8830015b9ed1948f"
            ],
            "markers": "python_version >= '3.7'",
            "version": "==0.9.0"
        },
        "termcolor": {
            "hashes": [
                "sha256:3afb05607b89aed0ffe25202399ee0867ad4d3cb4180d98aaf8eefa6a5f7d475",
                "sha256:b5b08f68937f138fe92f6c089b99f1e2da0ae56c52b78bf7075fd95420fd9a5a"
            ],
            "index": "pypi",
            "markers": "python_version >= '3.7'",
            "version": "==2.3.0"
        },
        "toml": {
            "hashes": [
                "sha256:806143ae5bfb6a3c6e736a764057db0e6a0e05e338b5630894a5f779cabb4f9b",
                "sha256:b3bda1d108d5dd99f4a20d24d9c348e91c4db7ab1b749200bded2f839ccbe68f"
            ],
            "markers": "python_version >= '2.6' and python_version not in '3.0, 3.1, 3.2, 3.3'",
            "version": "==0.10.2"
        },
        "typing-extensions": {
            "hashes": [
                "sha256:88a4153d8505aabbb4e13aacb7c486c2b4a33ca3b3f807914a9b4c844c471c26",
                "sha256:d91d5919357fe7f681a9f2b5b4cb2a5f1ef0a1e9f59c4d8ff0d3491e05c0ffd5"
            ],
            "index": "pypi",
            "markers": "python_version >= '3.7'",
            "version": "==4.6.3"
        },
        "typing-inspect": {
            "hashes": [
                "sha256:9ee6fc59062311ef8547596ab6b955e1b8aa46242d854bfc78f4f6b0eff35f9f",
                "sha256:b23fc42ff6f6ef6954e4852c1fb512cdd18dbea03134f91f856a95ccc9461f78"
            ],
            "version": "==0.9.0"
        }
    },
    "develop": {
        "importlib-metadata": {
            "hashes": [
                "sha256:30962b96c0c223483ed6cc7280e7f0199feb01a0e40cfae4d4450fc6fab1f570",
                "sha256:b78938b926ee8d5f020fc4772d487045805a55ddbad2ecf21c6d60938dc7fcd2"
            ],
            "markers": "python_version >= '3.8'",
            "version": "==7.1.0"
        },
        "platformdirs": {
            "hashes": [
                "sha256:0614df2a2f37e1a662acbd8e2b25b92ccf8632929bc6d43467e17fe89c75e068",
                "sha256:ef0cc731df711022c174543cb70a9b5bd22e5a9337c8624ef2c2ceb8ddad8768"
            ],
            "markers": "python_version >= '3.8'",
            "version": "==4.2.0"
        },
        "tomli": {
            "hashes": [
                "sha256:939de3e7a6161af0c887ef91b7d41a53e7c5a1ca976325f429cb46ea9bc30ecc",
                "sha256:de526c12914f0c550d15924c62d72abc48d6fe7364aa87328337a31007fe8a4f"
            ],
            "markers": "python_version >= '3.7'",
            "version": "==2.0.1"
        },
        "yapf": {
            "hashes": [
                "sha256:958587eb5c8ec6c860119a9c25d02addf30a44f75aa152a4220d30e56a98037c",
                "sha256:b8bfc1f280949153e795181768ca14ef43d7312629a06c43e7abd279323af313"
            ],
            "index": "pypi",
            "markers": "python_version >= '3.7'",
            "version": "==0.40.1"
        },
        "zipp": {
            "hashes": [
                "sha256:2828e64edb5386ea6a52e7ba7cdb17bb30a73a858f5eb6eb93d8d36f5ea26091",
                "sha256:35427f6d5594f4acf82d25541438348c26736fa9b3afa2754bcd63cdb99d8e8f"
            ],
            "index": "pypi",
            "markers": "python_version >= '3.8'",
            "version": "==3.19.1"
        }
    }
}
